# THIS IS AN AUTOGENERATED FILE. DO NOT EDIT THIS FILE DIRECTLY.
# yarn lockfile v1


fjl-error-throwing@^0.7.7:
  version "0.7.7"
  resolved "https://registry.yarnpkg.com/fjl-error-throwing/-/fjl-error-throwing-0.7.7.tgz#18e1dceb047f52016879e5ac7646fa08e7dc6ee1"
  dependencies:
    fjl "0.19.0"

fjl-mutable@^0.16.0, fjl-mutable@^0.16.5:
  version "0.16.5"
  resolved "https://registry.yarnpkg.com/fjl-mutable/-/fjl-mutable-0.16.5.tgz#380ce4e0db705422ef92db831cd61a18ab9e2a21"
  dependencies:
    fjl "0.19.0"
    fjl-error-throwing "^0.7.7"

fjl-validator@^0.6.5:
  version "0.6.5"
  resolved "https://registry.yarnpkg.com/fjl-validator/-/fjl-validator-0.6.5.tgz#2d73d6a5621356d59070fe3b299bd2b894d42908"
  dependencies:
    fjl "0.19.4"
    fjl-mutable "^0.16.0"

fjl@0.19.0:
  version "0.19.0"
  resolved "https://registry.yarnpkg.com/fjl/-/fjl-0.19.0.tgz#aeec6eb469a12f00c1204af2ab5fbd1f94a4e6c5"

fjl@0.19.4:
  version "0.19.4"
  resolved "https://registry.yarnpkg.com/fjl/-/fjl-0.19.4.tgz#9f05d0524b260d5d32e9c117a1eb24a0370cc791"

fjl@^0.21.0:
  version "0.21.0"
  resolved "https://registry.yarnpkg.com/fjl/-/fjl-0.21.0.tgz#1d7d09aeb7336c9708ba6ddc9f98e65b98223c34"
